
Microsoft Visual Studio Solution File, Format Version 12.00
# Visual Studio Version 17
VisualStudioVersion = 17.0.31903.59
MinimumVisualStudioVersion = 10.0.40219.1
Project("{2150E333-8FDC-42A3-9474-1A3956D46DE8}") = "src", "src", "{827E0CD3-B72D-47B6-A68D-7590B98EB39B}"
EndProject
Project("{2150E333-8FDC-42A3-9474-1A3956D46DE8}") = "Domain", "Domain", "{8B290487-4C16-E85E-E807-F579CBE9FC4D}"
EndProject
Project("{FAE04EC0-301F-11D3-BF4B-00C04F79EFBC}") = "GameServerManager.Domain", "src\Domain\GameServerManager.Domain.csproj", "{3CE8A9A2-A289-4F8A-A170-5DA0C51B3D4D}"
EndProject
Project("{2150E333-8FDC-42A3-9474-1A3956D46DE8}") = "Application", "Application", "{22BAF98C-8415-17C4-B26A-D537657BC863}"
EndProject
Project("{FAE04EC0-301F-11D3-BF4B-00C04F79EFBC}") = "GameServerManager.Application", "src\Application\GameServerManager.Application.csproj", "{522D0B83-F2B4-40D9-A53D-CB0CDFCC64AD}"
EndProject
Project("{2150E333-8FDC-42A3-9474-1A3956D46DE8}") = "Infrastructure", "Infrastructure", "{9048EB7F-3875-A59E-E36B-5BD4C6F2A282}"
EndProject
Project("{FAE04EC0-301F-11D3-BF4B-00C04F79EFBC}") = "GameServerManager.Infrastructure", "src\Infrastructure\GameServerManager.Infrastructure.csproj", "{73F95D0D-D0A4-4F1B-82F2-C8AA8098F480}"
EndProject
Project("{2150E333-8FDC-42A3-9474-1A3956D46DE8}") = "WebAPI", "WebAPI", "{953D89DF-FDD2-4C1A-6A43-6326114B13B5}"
EndProject
Project("{FAE04EC0-301F-11D3-BF4B-00C04F79EFBC}") = "GameServerManager.WebAPI", "src\WebAPI\GameServerManager.WebAPI.csproj", "{923E3FDF-2DB2-4359-B8D4-C9096BC630FA}"
EndProject
Project("{FAE04EC0-301F-11D3-BF4B-00C04F79EFBC}") = "GameServerManager.UI", "src\GameServerManager.UI\GameServerManager.UI.csproj", "{DF2E5BCA-22EA-4D76-9460-4B99C1AA10C6}"
EndProject
Project("{2150E333-8FDC-42A3-9474-1A3956D46DE8}") = "tests", "tests", "{0AB3BF05-4346-4AA6-1389-037BE0695223}"
EndProject
Project("{FAE04EC0-301F-11D3-BF4B-00C04F79EFBC}") = "GameServerManager.Tests", "tests\GameServerManager.Tests\GameServerManager.Tests.csproj", "{18A03D9C-1897-4568-9AC8-CF6C95A5AD86}"
EndProject
Global
	GlobalSection(SolutionConfigurationPlatforms) = preSolution
		Debug|Any CPU = Debug|Any CPU
		Debug|x64 = Debug|x64
		Debug|x86 = Debug|x86
		Release|Any CPU = Release|Any CPU
		Release|x64 = Release|x64
		Release|x86 = Release|x86
	EndGlobalSection
	GlobalSection(ProjectConfigurationPlatforms) = postSolution
		{3CE8A9A2-A289-4F8A-A170-5DA0C51B3D4D}.Debug|Any CPU.ActiveCfg = Debug|Any CPU
		{3CE8A9A2-A289-4F8A-A170-5DA0C51B3D4D}.Debug|Any CPU.Build.0 = Debug|Any CPU
		{3CE8A9A2-A289-4F8A-A170-5DA0C51B3D4D}.Debug|x64.ActiveCfg = Debug|Any CPU
		{3CE8A9A2-A289-4F8A-A170-5DA0C51B3D4D}.Debug|x64.Build.0 = Debug|Any CPU
		{3CE8A9A2-A289-4F8A-A170-5DA0C51B3D4D}.Debug|x86.ActiveCfg = Debug|Any CPU
		{3CE8A9A2-A289-4F8A-A170-5DA0C51B3D4D}.Debug|x86.Build.0 = Debug|Any CPU
		{3CE8A9A2-A289-4F8A-A170-5DA0C51B3D4D}.Release|Any CPU.ActiveCfg = Release|Any CPU
		{3CE8A9A2-A289-4F8A-A170-5DA0C51B3D4D}.Release|Any CPU.Build.0 = Release|Any CPU
		{3CE8A9A2-A289-4F8A-A170-5DA0C51B3D4D}.Release|x64.ActiveCfg = Release|Any CPU
		{3CE8A9A2-A289-4F8A-A170-5DA0C51B3D4D}.Release|x64.Build.0 = Release|Any CPU
		{3CE8A9A2-A289-4F8A-A170-5DA0C51B3D4D}.Release|x86.ActiveCfg = Release|Any CPU
		{3CE8A9A2-A289-4F8A-A170-5DA0C51B3D4D}.Release|x86.Build.0 = Release|Any CPU
		{522D0B83-F2B4-40D9-A53D-CB0CDFCC64AD}.Debug|Any CPU.ActiveCfg = Debug|Any CPU
		{522D0B83-F2B4-40D9-A53D-CB0CDFCC64AD}.Debug|Any CPU.Build.0 = Debug|Any CPU
		{522D0B83-F2B4-40D9-A53D-CB0CDFCC64AD}.Debug|x64.ActiveCfg = Debug|Any CPU
		{522D0B83-F2B4-40D9-A53D-CB0CDFCC64AD}.Debug|x64.Build.0 = Debug|Any CPU
		{522D0B83-F2B4-40D9-A53D-CB0CDFCC64AD}.Debug|x86.ActiveCfg = Debug|Any CPU
		{522D0B83-F2B4-40D9-A53D-CB0CDFCC64AD}.Debug|x86.Build.0 = Debug|Any CPU
		{522D0B83-F2B4-40D9-A53D-CB0CDFCC64AD}.Release|Any CPU.ActiveCfg = Release|Any CPU
		{522D0B83-F2B4-40D9-A53D-CB0CDFCC64AD}.Release|Any CPU.Build.0 = Release|Any CPU
		{522D0B83-F2B4-40D9-A53D-CB0CDFCC64AD}.Release|x64.ActiveCfg = Release|Any CPU
		{522D0B83-F2B4-40D9-A53D-CB0CDFCC64AD}.Release|x64.Build.0 = Release|Any CPU
		{522D0B83-F2B4-40D9-A53D-CB0CDFCC64AD}.Release|x86.ActiveCfg = Release|Any CPU
		{522D0B83-F2B4-40D9-A53D-CB0CDFCC64AD}.Release|x86.Build.0 = Release|Any CPU
		{73F95D0D-D0A4-4F1B-82F2-C8AA8098F480}.Debug|Any CPU.ActiveCfg = Debug|Any CPU
		{73F95D0D-D0A4-4F1B-82F2-C8AA8098F480}.Debug|Any CPU.Build.0 = Debug|Any CPU
		{73F95D0D-D0A4-4F1B-82F2-C8AA8098F480}.Debug|x64.ActiveCfg = Debug|Any CPU
		{73F95D0D-D0A4-4F1B-82F2-C8AA8098F480}.Debug|x64.Build.0 = Debug|Any CPU
		{73F95D0D-D0A4-4F1B-82F2-C8AA8098F480}.Debug|x86.ActiveCfg = Debug|Any CPU
		{73F95D0D-D0A4-4F1B-82F2-C8AA8098F480}.Debug|x86.Build.0 = Debug|Any CPU
		{73F95D0D-D0A4-4F1B-82F2-C8AA8098F480}.Release|Any CPU.ActiveCfg = Release|Any CPU
		{73F95D0D-D0A4-4F1B-82F2-C8AA8098F480}.Release|Any CPU.Build.0 = Release|Any CPU
		{73F95D0D-D0A4-4F1B-82F2-C8AA8098F480}.Release|x64.ActiveCfg = Release|Any CPU
		{73F95D0D-D0A4-4F1B-82F2-C8AA8098F480}.Release|x64.Build.0 = Release|Any CPU
		{73F95D0D-D0A4-4F1B-82F2-C8AA8098F480}.Release|x86.ActiveCfg = Release|Any CPU
		{73F95D0D-D0A4-4F1B-82F2-C8AA8098F480}.Release|x86.Build.0 = Release|Any CPU
		{923E3FDF-2DB2-4359-B8D4-C9096BC630FA}.Debug|Any CPU.ActiveCfg = Debug|Any CPU
		{923E3FDF-2DB2-4359-B8D4-C9096BC630FA}.Debug|Any CPU.Build.0 = Debug|Any CPU
		{923E3FDF-2DB2-4359-B8D4-C9096BC630FA}.Debug|x64.ActiveCfg = Debug|Any CPU
		{923E3FDF-2DB2-4359-B8D4-C9096BC630FA}.Debug|x64.Build.0 = Debug|Any CPU
		{923E3FDF-2DB2-4359-B8D4-C9096BC630FA}.Debug|x86.ActiveCfg = Debug|Any CPU
		{923E3FDF-2DB2-4359-B8D4-C9096BC630FA}.Debug|x86.Build.0 = Debug|Any CPU
		{923E3FDF-2DB2-4359-B8D4-C9096BC630FA}.Release|Any CPU.ActiveCfg = Release|Any CPU
		{923E3FDF-2DB2-4359-B8D4-C9096BC630FA}.Release|Any CPU.Build.0 = Release|Any CPU
		{923E3FDF-2DB2-4359-B8D4-C9096BC630FA}.Release|x64.ActiveCfg = Release|Any CPU
		{923E3FDF-2DB2-4359-B8D4-C9096BC630FA}.Release|x64.Build.0 = Release|Any CPU
		{923E3FDF-2DB2-4359-B8D4-C9096BC630FA}.Release|x86.ActiveCfg = Release|Any CPU
		{923E3FDF-2DB2-4359-B8D4-C9096BC630FA}.Release|x86.Build.0 = Release|Any CPU
		{DF2E5BCA-22EA-4D76-9460-4B99C1AA10C6}.Debug|Any CPU.ActiveCfg = Debug|Any CPU
		{DF2E5BCA-22EA-4D76-9460-4B99C1AA10C6}.Debug|Any CPU.Build.0 = Debug|Any CPU
		{DF2E5BCA-22EA-4D76-9460-4B99C1AA10C6}.Debug|x64.ActiveCfg = Debug|Any CPU
		{DF2E5BCA-22EA-4D76-9460-4B99C1AA10C6}.Debug|x64.Build.0 = Debug|Any CPU
		{DF2E5BCA-22EA-4D76-9460-4B99C1AA10C6}.Debug|x86.ActiveCfg = Debug|Any CPU
		{DF2E5BCA-22EA-4D76-9460-4B99C1AA10C6}.Debug|x86.Build.0 = Debug|Any CPU
		{DF2E5BCA-22EA-4D76-9460-4B99C1AA10C6}.Release|Any CPU.ActiveCfg = Release|Any CPU
		{DF2E5BCA-22EA-4D76-9460-4B99C1AA10C6}.Release|Any CPU.Build.0 = Release|Any CPU
		{DF2E5BCA-22EA-4D76-9460-4B99C1AA10C6}.Release|x64.ActiveCfg = Release|Any CPU
		{DF2E5BCA-22EA-4D76-9460-4B99C1AA10C6}.Release|x64.Build.0 = Release|Any CPU
		{DF2E5BCA-22EA-4D76-9460-4B99C1AA10C6}.Release|x86.ActiveCfg = Release|Any CPU
		{DF2E5BCA-22EA-4D76-9460-4B99C1AA10C6}.Release|x86.Build.0 = Release|Any CPU
		{18A03D9C-1897-4568-9AC8-CF6C95A5AD86}.Debug|Any CPU.ActiveCfg = Debug|Any CPU
		{18A03D9C-1897-4568-9AC8-CF6C95A5AD86}.Debug|Any CPU.Build.0 = Debug|Any CPU
		{18A03D9C-1897-4568-9AC8-CF6C95A5AD86}.Debug|x64.ActiveCfg = Debug|Any CPU
		{18A03D9C-1897-4568-9AC8-CF6C95A5AD86}.Debug|x64.Build.0 = Debug|Any CPU
		{18A03D9C-1897-4568-9AC8-CF6C95A5AD86}.Debug|x86.ActiveCfg = Debug|Any CPU
		{18A03D9C-1897-4568-9AC8-CF6C95A5AD86}.Debug|x86.Build.0 = Debug|Any CPU
		{18A03D9C-1897-4568-9AC8-CF6C95A5AD86}.Release|Any CPU.ActiveCfg = Release|Any CPU
		{18A03D9C-1897-4568-9AC8-CF6C95A5AD86}.Release|Any CPU.Build.0 = Release|Any CPU
		{18A03D9C-1897-4568-9AC8-CF6C95A5AD86}.Release|x64.ActiveCfg = Release|Any CPU
		{18A03D9C-1897-4568-9AC8-CF6C95A5AD86}.Release|x64.Build.0 = Release|Any CPU
		{18A03D9C-1897-4568-9AC8-CF6C95A5AD86}.Release|x86.ActiveCfg = Release|Any CPU
		{18A03D9C-1897-4568-9AC8-CF6C95A5AD86}.Release|x86.Build.0 = Release|Any CPU
	EndGlobalSection
	GlobalSection(SolutionProperties) = preSolution
		HideSolutionNode = FALSE
	EndGlobalSection
	GlobalSection(NestedProjects) = preSolution
		{8B290487-4C16-E85E-E807-F579CBE9FC4D} = {827E0CD3-B72D-47B6-A68D-7590B98EB39B}
		{3CE8A9A2-A289-4F8A-A170-5DA0C51B3D4D} = {8B290487-4C16-E85E-E807-F579CBE9FC4D}
		{22BAF98C-8415-17C4-B26A-D537657BC863} = {827E0CD3-B72D-47B6-A68D-7590B98EB39B}
		{522D0B83-F2B4-40D9-A53D-CB0CDFCC64AD} = {22BAF98C-8415-17C4-B26A-D537657BC863}
		{9048EB7F-3875-A59E-E36B-5BD4C6F2A282} = {827E0CD3-B72D-47B6-A68D-7590B98EB39B}
		{73F95D0D-D0A4-4F1B-82F2-C8AA8098F480} = {9048EB7F-3875-A59E-E36B-5BD4C6F2A282}
		{953D89DF-FDD2-4C1A-6A43-6326114B13B5} = {827E0CD3-B72D-47B6-A68D-7590B98EB39B}
		{923E3FDF-2DB2-4359-B8D4-C9096BC630FA} = {953D89DF-FDD2-4C1A-6A43-6326114B13B5}
		{DF2E5BCA-22EA-4D76-9460-4B99C1AA10C6} = {827E0CD3-B72D-47B6-A68D-7590B98EB39B}
		{18A03D9C-1897-4568-9AC8-CF6C95A5AD86} = {0AB3BF05-4346-4AA6-1389-037BE0695223}
	EndGlobalSection
EndGlobal
